
Microsoft Visual Studio Solution File, Format Version 12.00
# Visual Studio Version 16
VisualStudioVersion = 16.0.31424.327
MinimumVisualStudioVersion = 10.0.40219.1
Project("{9A19103F-16F7-4668-BE54-9A1E7A4F7556}") = "DeemZ.Data", "DeemZ.Data\DeemZ.Data.csproj", "{D8CA1C5D-403A-4717-928B-BC4263C60AAF}"
EndProject
Project("{9A19103F-16F7-4668-BE54-9A1E7A4F7556}") = "DeemZ.Web", "DeemZ.Web\DeemZ.Web.csproj", "{411C0AF1-F002-417B-8972-6AC6F6D6A90E}"
EndProject
Project("{9A19103F-16F7-4668-BE54-9A1E7A4F7556}") = "DeemZ.Services", "DeemZ.Services\DeemZ.Services.csproj", "{C5F56027-05DF-461E-81CA-A1A8FBBF22FE}"
EndProject
Project("{9A19103F-16F7-4668-BE54-9A1E7A4F7556}") = "DeemZ.Models", "DeemZ.Models\DeemZ.Models.csproj", "{050F0813-549B-4525-99FF-3DFB570E8E80}"
EndProject
Project("{FAE04EC0-301F-11D3-BF4B-00C04F79EFBC}") = "DeemZ.Test", "DeemZ.Test\DeemZ.Test.csproj", "{41E4145A-6008-4F47-B3E3-EFD2D59AFB17}"
EndProject
Global
	GlobalSection(SolutionConfigurationPlatforms) = preSolution
		Debug|Any CPU = Debug|Any CPU
		Release|Any CPU = Release|Any CPU
	EndGlobalSection
	GlobalSection(ProjectConfigurationPlatforms) = postSolution
		{D8CA1C5D-403A-4717-928B-BC4263C60AAF}.Debug|Any CPU.ActiveCfg = Debug|Any CPU
		{D8CA1C5D-403A-4717-928B-BC4263C60AAF}.Debug|Any CPU.Build.0 = Debug|Any CPU
		{D8CA1C5D-403A-4717-928B-BC4263C60AAF}.Release|Any CPU.ActiveCfg = Release|Any CPU
		{D8CA1C5D-403A-4717-928B-BC4263C60AAF}.Release|Any CPU.Build.0 = Release|Any CPU
		{411C0AF1-F002-417B-8972-6AC6F6D6A90E}.Debug|Any CPU.ActiveCfg = Debug|Any CPU
		{411C0AF1-F002-417B-8972-6AC6F6D6A90E}.Debug|Any CPU.Build.0 = Debug|Any CPU
		{411C0AF1-F002-417B-8972-6AC6F6D6A90E}.Release|Any CPU.ActiveCfg = Release|Any CPU
		{411C0AF1-F002-417B-8972-6AC6F6D6A90E}.Release|Any CPU.Build.0 = Release|Any CPU
		{C5F56027-05DF-461E-81CA-A1A8FBBF22FE}.Debug|Any CPU.ActiveCfg = Debug|Any CPU
		{C5F56027-05DF-461E-81CA-A1A8FBBF22FE}.Debug|Any CPU.Build.0 = Debug|Any CPU
		{C5F56027-05DF-461E-81CA-A1A8FBBF22FE}.Release|Any CPU.ActiveCfg = Release|Any CPU
		{C5F56027-05DF-461E-81CA-A1A8FBBF22FE}.Release|Any CPU.Build.0 = Release|Any CPU
		{050F0813-549B-4525-99FF-3DFB570E8E80}.Debug|Any CPU.ActiveCfg = Debug|Any CPU
		{050F0813-549B-4525-99FF-3DFB570E8E80}.Debug|Any CPU.Build.0 = Debug|Any CPU
		{050F0813-549B-4525-99FF-3DFB570E8E80}.Release|Any CPU.ActiveCfg = Release|Any CPU
		{050F0813-549B-4525-99FF-3DFB570E8E80}.Release|Any CPU.Build.0 = Release|Any CPU
		{41E4145A-6008-4F47-B3E3-EFD2D59AFB17}.Debug|Any CPU.ActiveCfg = Debug|Any CPU
		{41E4145A-6008-4F47-B3E3-EFD2D59AFB17}.Debug|Any CPU.Build.0 = Debug|Any CPU
		{41E4145A-6008-4F47-B3E3-EFD2D59AFB17}.Release|Any CPU.ActiveCfg = Release|Any CPU
		{41E4145A-6008-4F47-B3E3-EFD2D59AFB17}.Release|Any CPU.Build.0 = Release|Any CPU
	EndGlobalSection
	GlobalSection(SolutionProperties) = preSolution
		HideSolutionNode = FALSE
	EndGlobalSection
	GlobalSection(ExtensibilityGlobals) = postSolution
		SolutionGuid = {014D40A1-29E0-4359-A9C5-2E330EEF3C47}
	EndGlobalSection
EndGlobal
